
Microsoft Visual Studio Solution File, Format Version 12.00
# Visual Studio Version 16
VisualStudioVersion = 16.0.30002.166
MinimumVisualStudioVersion = 10.0.40219.1
Project("{2150E333-8FDC-42A3-9474-1A3956D46DE8}") = "1_Web", "1_Web", "{431B659A-E304-430F-B70C-D43F38E620FE}"
EndProject
Project("{9A19103F-16F7-4668-BE54-9A1E7A4F7556}") = "SHS_API", "Web\SHS_API\SHS_API.csproj", "{4DD4DF50-DCF1-4C91-AA4B-B88C0C34C830}"
EndProject
Project("{2150E333-8FDC-42A3-9474-1A3956D46DE8}") = "2_Repository", "2_Repository", "{57585F0A-FB70-4C1B-8E91-EA2B383B440B}"
EndProject
Project("{2150E333-8FDC-42A3-9474-1A3956D46DE8}") = "3_Model", "3_Model", "{E5EAC882-63ED-40A9-9A94-8271EE312619}"
EndProject
Project("{2150E333-8FDC-42A3-9474-1A3956D46DE8}") = "4_Data", "4_Data", "{0089E78F-8E0D-495A-8888-8F5FAB2E3F3C}"
EndProject
Project("{2150E333-8FDC-42A3-9474-1A3956D46DE8}") = "5_Infrastructure", "5_Infrastructure", "{4D015C30-6CFE-4DD1-BB7F-89EADE296E08}"
EndProject
Project("{9A19103F-16F7-4668-BE54-9A1E7A4F7556}") = "SHS.Data", "Data\SHS.Data\SHS.Data.csproj", "{67DA4968-8534-46C7-84CB-893C775D5358}"
EndProject
Project("{9A19103F-16F7-4668-BE54-9A1E7A4F7556}") = "SHS.Entities", "Model\SHS.Entities\SHS.Entities.csproj", "{59BA5535-6BA4-46B6-AD7D-FA603BE850B1}"
EndProject
Project("{9A19103F-16F7-4668-BE54-9A1E7A4F7556}") = "SHS.Dtos", "Model\SHS.Dtos\SHS.Dtos.csproj", "{5AE4EF77-6193-457B-BC44-4381951866B7}"
EndProject
Project("{9A19103F-16F7-4668-BE54-9A1E7A4F7556}") = "SHS.IRepository", "Repository\SHS.IRepository\SHS.IRepository.csproj", "{DC38A284-9DB9-471F-B7FE-0F2B9303284B}"
EndProject
Project("{9A19103F-16F7-4668-BE54-9A1E7A4F7556}") = "SHS.Repository", "Repository\SHS.Repository\SHS.Repository.csproj", "{270F9C22-65A7-42A2-89E6-2BC65C459A76}"
EndProject
Project("{9A19103F-16F7-4668-BE54-9A1E7A4F7556}") = "SHS.Web", "Web\SHS.Web\SHS.Web.csproj", "{233DC2E6-B7CD-45B3-A72C-FD0F3CFDA048}"
EndProject
Project("{FAE04EC0-301F-11D3-BF4B-00C04F79EFBC}") = "SHS.Core", "Infrastructure\SHS.Core\SHS.Core.csproj", "{67D5AB58-6298-4249-B4DF-E9B29F7BB51F}"
EndProject
Global
	GlobalSection(SolutionConfigurationPlatforms) = preSolution
		Debug|Any CPU = Debug|Any CPU
		Release|Any CPU = Release|Any CPU
	EndGlobalSection
	GlobalSection(ProjectConfigurationPlatforms) = postSolution
		{4DD4DF50-DCF1-4C91-AA4B-B88C0C34C830}.Debug|Any CPU.ActiveCfg = Debug|Any CPU
		{4DD4DF50-DCF1-4C91-AA4B-B88C0C34C830}.Debug|Any CPU.Build.0 = Debug|Any CPU
		{4DD4DF50-DCF1-4C91-AA4B-B88C0C34C830}.Release|Any CPU.ActiveCfg = Release|Any CPU
		{4DD4DF50-DCF1-4C91-AA4B-B88C0C34C830}.Release|Any CPU.Build.0 = Release|Any CPU
		{67DA4968-8534-46C7-84CB-893C775D5358}.Debug|Any CPU.ActiveCfg = Debug|Any CPU
		{67DA4968-8534-46C7-84CB-893C775D5358}.Debug|Any CPU.Build.0 = Debug|Any CPU
		{67DA4968-8534-46C7-84CB-893C775D5358}.Release|Any CPU.ActiveCfg = Release|Any CPU
		{67DA4968-8534-46C7-84CB-893C775D5358}.Release|Any CPU.Build.0 = Release|Any CPU
		{59BA5535-6BA4-46B6-AD7D-FA603BE850B1}.Debug|Any CPU.ActiveCfg = Debug|Any CPU
		{59BA5535-6BA4-46B6-AD7D-FA603BE850B1}.Debug|Any CPU.Build.0 = Debug|Any CPU
		{59BA5535-6BA4-46B6-AD7D-FA603BE850B1}.Release|Any CPU.ActiveCfg = Release|Any CPU
		{59BA5535-6BA4-46B6-AD7D-FA603BE850B1}.Release|Any CPU.Build.0 = Release|Any CPU
		{5AE4EF77-6193-457B-BC44-4381951866B7}.Debug|Any CPU.ActiveCfg = Debug|Any CPU
		{5AE4EF77-6193-457B-BC44-4381951866B7}.Debug|Any CPU.Build.0 = Debug|Any CPU
		{5AE4EF77-6193-457B-BC44-4381951866B7}.Release|Any CPU.ActiveCfg = Release|Any CPU
		{5AE4EF77-6193-457B-BC44-4381951866B7}.Release|Any CPU.Build.0 = Release|Any CPU
		{DC38A284-9DB9-471F-B7FE-0F2B9303284B}.Debug|Any CPU.ActiveCfg = Debug|Any CPU
		{DC38A284-9DB9-471F-B7FE-0F2B9303284B}.Debug|Any CPU.Build.0 = Debug|Any CPU
		{DC38A284-9DB9-471F-B7FE-0F2B9303284B}.Release|Any CPU.ActiveCfg = Release|Any CPU
		{DC38A284-9DB9-471F-B7FE-0F2B9303284B}.Release|Any CPU.Build.0 = Release|Any CPU
		{270F9C22-65A7-42A2-89E6-2BC65C459A76}.Debug|Any CPU.ActiveCfg = Debug|Any CPU
		{270F9C22-65A7-42A2-89E6-2BC65C459A76}.Debug|Any CPU.Build.0 = Debug|Any CPU
		{270F9C22-65A7-42A2-89E6-2BC65C459A76}.Release|Any CPU.ActiveCfg = Release|Any CPU
		{270F9C22-65A7-42A2-89E6-2BC65C459A76}.Release|Any CPU.Build.0 = Release|Any CPU
		{233DC2E6-B7CD-45B3-A72C-FD0F3CFDA048}.Debug|Any CPU.ActiveCfg = Debug|Any CPU
		{233DC2E6-B7CD-45B3-A72C-FD0F3CFDA048}.Debug|Any CPU.Build.0 = Debug|Any CPU
		{233DC2E6-B7CD-45B3-A72C-FD0F3CFDA048}.Release|Any CPU.ActiveCfg = Release|Any CPU
		{233DC2E6-B7CD-45B3-A72C-FD0F3CFDA048}.Release|Any CPU.Build.0 = Release|Any CPU
		{67D5AB58-6298-4249-B4DF-E9B29F7BB51F}.Debug|Any CPU.ActiveCfg = Debug|Any CPU
		{67D5AB58-6298-4249-B4DF-E9B29F7BB51F}.Debug|Any CPU.Build.0 = Debug|Any CPU
		{67D5AB58-6298-4249-B4DF-E9B29F7BB51F}.Release|Any CPU.ActiveCfg = Release|Any CPU
		{67D5AB58-6298-4249-B4DF-E9B29F7BB51F}.Release|Any CPU.Build.0 = Release|Any CPU
	EndGlobalSection
	GlobalSection(SolutionProperties) = preSolution
		HideSolutionNode = FALSE
	EndGlobalSection
	GlobalSection(NestedProjects) = preSolution
		{4DD4DF50-DCF1-4C91-AA4B-B88C0C34C830} = {431B659A-E304-430F-B70C-D43F38E620FE}
		{67DA4968-8534-46C7-84CB-893C775D5358} = {0089E78F-8E0D-495A-8888-8F5FAB2E3F3C}
		{59BA5535-6BA4-46B6-AD7D-FA603BE850B1} = {E5EAC882-63ED-40A9-9A94-8271EE312619}
		{5AE4EF77-6193-457B-BC44-4381951866B7} = {E5EAC882-63ED-40A9-9A94-8271EE312619}
		{DC38A284-9DB9-471F-B7FE-0F2B9303284B} = {57585F0A-FB70-4C1B-8E91-EA2B383B440B}
		{270F9C22-65A7-42A2-89E6-2BC65C459A76} = {57585F0A-FB70-4C1B-8E91-EA2B383B440B}
		{233DC2E6-B7CD-45B3-A72C-FD0F3CFDA048} = {431B659A-E304-430F-B70C-D43F38E620FE}
		{67D5AB58-6298-4249-B4DF-E9B29F7BB51F} = {4D015C30-6CFE-4DD1-BB7F-89EADE296E08}
	EndGlobalSection
	GlobalSection(ExtensibilityGlobals) = postSolution
		SolutionGuid = {9DA9038A-A402-4ABA-9777-326E1ABA3FC2}
	EndGlobalSection
EndGlobal
