
Microsoft Visual Studio Solution File, Format Version 12.00
# Visual Studio Version 16
VisualStudioVersion = 16.0.30002.166
MinimumVisualStudioVersion = 10.0.40219.1
Project("{2150E333-8FDC-42A3-9474-1A3956D46DE8}") = "1_Web", "1_Web", "{431B659A-E304-430F-B70C-D43F38E620FE}"
EndProject
Project("{2150E333-8FDC-42A3-9474-1A3956D46DE8}") = "NewFolder1", "NewFolder1", "{DC31A54F-5942-4EA8-A116-13D4A911B831}"
EndProject
Project("{FAE04EC0-301F-11D3-BF4B-00C04F79EFBC}") = "SHS_API", "Web\SHS_API\SHS_API.csproj", "{4DD4DF50-DCF1-4C91-AA4B-B88C0C34C830}"
EndProject
Global
	GlobalSection(SolutionConfigurationPlatforms) = preSolution
		Debug|Any CPU = Debug|Any CPU
		Release|Any CPU = Release|Any CPU
	EndGlobalSection
	GlobalSection(ProjectConfigurationPlatforms) = postSolution
		{4DD4DF50-DCF1-4C91-AA4B-B88C0C34C830}.Debug|Any CPU.ActiveCfg = Debug|Any CPU
		{4DD4DF50-DCF1-4C91-AA4B-B88C0C34C830}.Debug|Any CPU.Build.0 = Debug|Any CPU
		{4DD4DF50-DCF1-4C91-AA4B-B88C0C34C830}.Release|Any CPU.ActiveCfg = Release|Any CPU
		{4DD4DF50-DCF1-4C91-AA4B-B88C0C34C830}.Release|Any CPU.Build.0 = Release|Any CPU
	EndGlobalSection
	GlobalSection(SolutionProperties) = preSolution
		HideSolutionNode = FALSE
	EndGlobalSection
	GlobalSection(NestedProjects) = preSolution
		{4DD4DF50-DCF1-4C91-AA4B-B88C0C34C830} = {431B659A-E304-430F-B70C-D43F38E620FE}
	EndGlobalSection
	GlobalSection(ExtensibilityGlobals) = postSolution
		SolutionGuid = {9DA9038A-A402-4ABA-9777-326E1ABA3FC2}
	EndGlobalSection
EndGlobal
